// !$*UTF8*$!
{
	archiveVersion = 1;
	classes = {
	};
	objectVersion = 46;
	objects = {

/* Begin PBXBuildFile section */
		E31222D116A4EB7B00B3BE95 /* MBProgressHUD.m in Sources */ = {isa = PBXBuildFile; fileRef = E31222D016A4EB7B00B3BE95 /* MBProgressHUD.m */; };
		E31222D416A6099300B3BE95 /* MTUnsyncedTripValueTransformer.m in Sources */ = {isa = PBXBuildFile; fileRef = E31222D316A6099300B3BE95 /* MTUnsyncedTripValueTransformer.m */; };
		E31BACD91822D3C500893F75 /* skip_button_on.png in Resources */ = {isa = PBXBuildFile; fileRef = E31BACD71822D3C500893F75 /* skip_button_on.png */; };
		E31BACDA1822D3C500893F75 /* skip_button_on@2x.png in Resources */ = {isa = PBXBuildFile; fileRef = E31BACD81822D3C500893F75 /* skip_button_on@2x.png */; };
		E31BACDD1822D42900893F75 /* skip_button@2x.png in Resources */ = {isa = PBXBuildFile; fileRef = E31BACDB1822D42900893F75 /* skip_button@2x.png */; };
		E31BACDE1822D42900893F75 /* skip_button.png in Resources */ = {isa = PBXBuildFile; fileRef = E31BACDC1822D42900893F75 /* skip_button.png */; };
		E326B72D168B71CF0041B755 /* CoreData.framework in Frameworks */ = {isa = PBXBuildFile; fileRef = E326B71F168B6FBC0041B755 /* CoreData.framework */; };
		E326B732168C99300041B755 /* MTLogTableViewCell.m in Sources */ = {isa = PBXBuildFile; fileRef = E326B731168C99300041B755 /* MTLogTableViewCell.m */; };
		E326B743168CF00C0041B755 /* AbstractActionSheetPicker.m in Sources */ = {isa = PBXBuildFile; fileRef = E326B73A168CF00C0041B755 /* AbstractActionSheetPicker.m */; };
		E326B744168CF00C0041B755 /* ActionSheetDatePicker.m in Sources */ = {isa = PBXBuildFile; fileRef = E326B73C168CF00C0041B755 /* ActionSheetDatePicker.m */; };
		E32846841743EC03000A66A7 /* MTTotalMileage.m in Sources */ = {isa = PBXBuildFile; fileRef = E32846831743EC03000A66A7 /* MTTotalMileage.m */; };
		E328913F18D21C3E00417232 /* UbertestersSDK.framework in Frameworks */ = {isa = PBXBuildFile; fileRef = E328913D18D21C3E00417232 /* UbertestersSDK.framework */; };
		E328914018D21C3E00417232 /* UbertestersSDKResources.bundle in Resources */ = {isa = PBXBuildFile; fileRef = E328913E18D21C3E00417232 /* UbertestersSDKResources.bundle */; };
		E328914218D21C6800417232 /* CoreImage.framework in Frameworks */ = {isa = PBXBuildFile; fileRef = E328914118D21C6800417232 /* CoreImage.framework */; };
		E328914418D21C7D00417232 /* CoreTelephony.framework in Frameworks */ = {isa = PBXBuildFile; fileRef = E328914318D21C7D00417232 /* CoreTelephony.framework */; };
		E328914618D21C9600417232 /* OpenGLES.framework in Frameworks */ = {isa = PBXBuildFile; fileRef = E328914518D21C9600417232 /* OpenGLES.framework */; };
		E328914818D2227100417232 /* CoreMotion.framework in Frameworks */ = {isa = PBXBuildFile; fileRef = E328914718D2227100417232 /* CoreMotion.framework */; };
		E328914B18D7A14B00417232 /* MTDateRangeViewController.m in Sources */ = {isa = PBXBuildFile; fileRef = E328914A18D7A14B00417232 /* MTDateRangeViewController.m */; };
		E336B9AD167B6E76009A03EF /* UIKit.framework in Frameworks */ = {isa = PBXBuildFile; fileRef = E336B9AC167B6E76009A03EF /* UIKit.framework */; };
		E336B9B1167B6E76009A03EF /* CoreGraphics.framework in Frameworks */ = {isa = PBXBuildFile; fileRef = E336B9B0167B6E76009A03EF /* CoreGraphics.framework */; };
		E336B9B7167B6E76009A03EF /* InfoPlist.strings in Resources */ = {isa = PBXBuildFile; fileRef = E336B9B5167B6E76009A03EF /* InfoPlist.strings */; };
		E336B9B9167B6E76009A03EF /* main.m in Sources */ = {isa = PBXBuildFile; fileRef = E336B9B8167B6E76009A03EF /* main.m */; };
		E336B9BD167B6E76009A03EF /* MTAppDelegate.m in Sources */ = {isa = PBXBuildFile; fileRef = E336B9BC167B6E76009A03EF /* MTAppDelegate.m */; };
		E336B9C6167B6E76009A03EF /* MainStoryboard_iPhone.storyboard in Resources */ = {isa = PBXBuildFile; fileRef = E336B9C4167B6E76009A03EF /* MainStoryboard_iPhone.storyboard */; };
		E336B9C9167B6E76009A03EF /* MainStoryboard_iPad.storyboard in Resources */ = {isa = PBXBuildFile; fileRef = E336B9C7167B6E76009A03EF /* MainStoryboard_iPad.storyboard */; };
		E336B9CC167B6E76009A03EF /* MTTripViewController.m in Sources */ = {isa = PBXBuildFile; fileRef = E336B9CB167B6E76009A03EF /* MTTripViewController.m */; };
		E336B9D3167B6E76009A03EF /* MTLogViewController.m in Sources */ = {isa = PBXBuildFile; fileRef = E336B9D2167B6E76009A03EF /* MTLogViewController.m */; };
		E34E458716A0C10100C51E67 /* UnsyncedTrip.m in Sources */ = {isa = PBXBuildFile; fileRef = E34E458616A0C10100C51E67 /* UnsyncedTrip.m */; };
		E34E458A16A0C79F00C51E67 /* MTCoreDataController.m in Sources */ = {isa = PBXBuildFile; fileRef = E34E458816A0C79F00C51E67 /* MTCoreDataController.m */; };
		E34E459416A225E000C51E67 /* CoreFoundation.framework in Frameworks */ = {isa = PBXBuildFile; fileRef = E34E459316A225E000C51E67 /* CoreFoundation.framework */; };
		E34E459D16A2278900C51E67 /* Reachability.m in Sources */ = {isa = PBXBuildFile; fileRef = E34E459216A21F9000C51E67 /* Reachability.m */; };
		E34E45A016A22DDA00C51E67 /* UnsyncedTrip.xcdatamodeld in Sources */ = {isa = PBXBuildFile; fileRef = E34E459E16A22DD900C51E67 /* UnsyncedTrip.xcdatamodeld */; };
		E359195B1981B65300A19A40 /* Foundation.framework in Frameworks */ = {isa = PBXBuildFile; fileRef = E336B9AE167B6E76009A03EF /* Foundation.framework */; };
		E35E124B168CF31B0085EBA2 /* NSDate+TCUtils.m in Sources */ = {isa = PBXBuildFile; fileRef = E35E124A168CF31B0085EBA2 /* NSDate+TCUtils.m */; };
		E35E125B16921B290085EBA2 /* Social.framework in Frameworks */ = {isa = PBXBuildFile; fileRef = E35E125A16921B290085EBA2 /* Social.framework */; };
		E35E125D16921B820085EBA2 /* libz.dylib in Frameworks */ = {isa = PBXBuildFile; fileRef = E35E125C16921B810085EBA2 /* libz.dylib */; };
		E35E125F16921BA60085EBA2 /* CFNetwork.framework in Frameworks */ = {isa = PBXBuildFile; fileRef = E35E125E16921BA60085EBA2 /* CFNetwork.framework */; };
		E35E126116921BD40085EBA2 /* Accounts.framework in Frameworks */ = {isa = PBXBuildFile; fileRef = E35E126016921BD40085EBA2 /* Accounts.framework */; };
		E35E126316921C010085EBA2 /* AudioToolbox.framework in Frameworks */ = {isa = PBXBuildFile; fileRef = E35E126216921C010085EBA2 /* AudioToolbox.framework */; };
		E35E126516921C2F0085EBA2 /* AdSupport.framework in Frameworks */ = {isa = PBXBuildFile; fileRef = E35E126416921C2F0085EBA2 /* AdSupport.framework */; };
		E35E126716921C590085EBA2 /* CoreLocation.framework in Frameworks */ = {isa = PBXBuildFile; fileRef = E35E126616921C580085EBA2 /* CoreLocation.framework */; };
		E35E126916921C7D0085EBA2 /* SystemConfiguration.framework in Frameworks */ = {isa = PBXBuildFile; fileRef = E35E126816921C7D0085EBA2 /* SystemConfiguration.framework */; };
		E35E126B16921C9E0085EBA2 /* Security.framework in Frameworks */ = {isa = PBXBuildFile; fileRef = E35E126A16921C9D0085EBA2 /* Security.framework */; };
		E35E126D16921CBC0085EBA2 /* MobileCoreServices.framework in Frameworks */ = {isa = PBXBuildFile; fileRef = E35E126C16921CBC0085EBA2 /* MobileCoreServices.framework */; };
		E35E126F16921CE00085EBA2 /* libsqlite3.dylib in Frameworks */ = {isa = PBXBuildFile; fileRef = E35E126E16921CE00085EBA2 /* libsqlite3.dylib */; };
		E35E12751694C50B0085EBA2 /* QuartzCore.framework in Frameworks */ = {isa = PBXBuildFile; fileRef = E35E12741694C50B0085EBA2 /* QuartzCore.framework */; };
		E35E127C169544EB0085EBA2 /* MTReportsViewController.m in Sources */ = {isa = PBXBuildFile; fileRef = E35E127B169544EB0085EBA2 /* MTReportsViewController.m */; };
		E35E128916974B5C0085EBA2 /* MessageUI.framework in Frameworks */ = {isa = PBXBuildFile; fileRef = E35E128816974B5C0085EBA2 /* MessageUI.framework */; };
		E35E128C169768BB0085EBA2 /* MTMoreViewController.m in Sources */ = {isa = PBXBuildFile; fileRef = E35E128B169768BB0085EBA2 /* MTMoreViewController.m */; };
		E35E128F16977F390085EBA2 /* MTLoginViewController.m in Sources */ = {isa = PBXBuildFile; fileRef = E35E128E16977F380085EBA2 /* MTLoginViewController.m */; };
		E35E129216977F5D0085EBA2 /* MTSignUpViewController.m in Sources */ = {isa = PBXBuildFile; fileRef = E35E129116977F5C0085EBA2 /* MTSignUpViewController.m */; };
		E35E129516978BFF0085EBA2 /* add-item.png in Resources */ = {isa = PBXBuildFile; fileRef = E35E129316978BFF0085EBA2 /* add-item.png */; };
		E35E129616978BFF0085EBA2 /* next-item.png in Resources */ = {isa = PBXBuildFile; fileRef = E35E129416978BFF0085EBA2 /* next-item.png */; };
		E35E129816978CAB0085EBA2 /* addressbook.png in Resources */ = {isa = PBXBuildFile; fileRef = E35E129716978CAB0085EBA2 /* addressbook.png */; };
		E35E129B169E0A9B0085EBA2 /* MTFormatting.m in Sources */ = {isa = PBXBuildFile; fileRef = E35E129A169E0A9A0085EBA2 /* MTFormatting.m */; };
		E3713E041823049900F4DA29 /* icon_152.png in Resources */ = {isa = PBXBuildFile; fileRef = E3713E001823049900F4DA29 /* icon_152.png */; };
		E3713E051823049900F4DA29 /* icon_76.png in Resources */ = {isa = PBXBuildFile; fileRef = E3713E011823049900F4DA29 /* icon_76.png */; };
		E3713E061823049900F4DA29 /* icon_120.png in Resources */ = {isa = PBXBuildFile; fileRef = E3713E021823049900F4DA29 /* icon_120.png */; };
		E3713E071823049900F4DA29 /* icon_144.png in Resources */ = {isa = PBXBuildFile; fileRef = E3713E031823049900F4DA29 /* icon_144.png */; };
		E3713E0C1823052400F4DA29 /* icon_29.png in Resources */ = {isa = PBXBuildFile; fileRef = E3713E081823052400F4DA29 /* icon_29.png */; };
		E3713E0D1823052400F4DA29 /* icon_58.png in Resources */ = {isa = PBXBuildFile; fileRef = E3713E091823052400F4DA29 /* icon_58.png */; };
		E3713E0E1823052400F4DA29 /* icon_100.png in Resources */ = {isa = PBXBuildFile; fileRef = E3713E0A1823052400F4DA29 /* icon_100.png */; };
		E3713E0F1823052400F4DA29 /* icon_80.png in Resources */ = {isa = PBXBuildFile; fileRef = E3713E0B1823052400F4DA29 /* icon_80.png */; };
		E3713E111823056800F4DA29 /* icon_40.png in Resources */ = {isa = PBXBuildFile; fileRef = E3713E101823056800F4DA29 /* icon_40.png */; };
		E37732C716B87EA700FA71E5 /* Default-568h@2x.png in Resources */ = {isa = PBXBuildFile; fileRef = E3B10D2316B8776F00FA6EF4 /* Default-568h@2x.png */; };
		E37732C816B87EAD00FA71E5 /* Default@2x.png in Resources */ = {isa = PBXBuildFile; fileRef = E3B10D2516B8777D00FA6EF4 /* Default@2x.png */; };
		E37732CC16B8852500FA71E5 /* login_bg.png in Resources */ = {isa = PBXBuildFile; fileRef = E37732CB16B8852500FA71E5 /* login_bg.png */; };
		E37732D116B88BAC00FA71E5 /* logo.png in Resources */ = {isa = PBXBuildFile; fileRef = E37732CF16B88BAC00FA71E5 /* logo.png */; };
		E37732D216B88BAC00FA71E5 /* logo@2x.png in Resources */ = {isa = PBXBuildFile; fileRef = E37732D016B88BAC00FA71E5 /* logo@2x.png */; };
		E37732D416B891AF00FA71E5 /* sign_up_bg.png in Resources */ = {isa = PBXBuildFile; fileRef = E37732D316B891AF00FA71E5 /* sign_up_bg.png */; };
		E37732D716B8978900FA71E5 /* MTViewUtils.m in Sources */ = {isa = PBXBuildFile; fileRef = E37732D616B8978900FA71E5 /* MTViewUtils.m */; };
		E3A2B77416B9A2EA0047FC4B /* iAd.framework in Frameworks */ = {isa = PBXBuildFile; fileRef = E3A2B77316B9A2EA0047FC4B /* iAd.framework */; };
		E3A2B78B16BA0D460047FC4B /* MTTabBarController.m in Sources */ = {isa = PBXBuildFile; fileRef = E3A2B78A16BA0D460047FC4B /* MTTabBarController.m */; };
		E3B10CEF16B1E24900FA6EF4 /* PFObject+Trip.m in Sources */ = {isa = PBXBuildFile; fileRef = E3B10CEE16B1E24900FA6EF4 /* PFObject+Trip.m */; };
		E3B10CFF16B76B4C00FA6EF4 /* background.png in Resources */ = {isa = PBXBuildFile; fileRef = E3B10CFD16B76B4C00FA6EF4 /* background.png */; };
		E3B10D0016B76B4C00FA6EF4 /* background@2X.png in Resources */ = {isa = PBXBuildFile; fileRef = E3B10CFE16B76B4C00FA6EF4 /* background@2X.png */; };
		E3B10D0A16B86BFD00FA6EF4 /* Icon.png in Resources */ = {isa = PBXBuildFile; fileRef = E3B10D0916B86BFD00FA6EF4 /* Icon.png */; };
		E3B10D0C16B86C1000FA6EF4 /* Icon@2x.png in Resources */ = {isa = PBXBuildFile; fileRef = E3B10D0B16B86C1000FA6EF4 /* Icon@2x.png */; };
		E3B10D1316B86C4600FA6EF4 /* Icon-72.png in Resources */ = {isa = PBXBuildFile; fileRef = E3B10D0D16B86C4600FA6EF4 /* Icon-72.png */; };
		E3B10D1416B86C4600FA6EF4 /* Icon-72@2x.png in Resources */ = {isa = PBXBuildFile; fileRef = E3B10D0E16B86C4600FA6EF4 /* Icon-72@2x.png */; };
		E3B10D1516B86C4600FA6EF4 /* Icon-Small-50.png in Resources */ = {isa = PBXBuildFile; fileRef = E3B10D0F16B86C4600FA6EF4 /* Icon-Small-50.png */; };
		E3B10D1616B86C4600FA6EF4 /* Icon-Small-50@2x.png in Resources */ = {isa = PBXBuildFile; fileRef = E3B10D1016B86C4600FA6EF4 /* Icon-Small-50@2x.png */; };
		E3B10D1716B86C4600FA6EF4 /* Icon-Small.png in Resources */ = {isa = PBXBuildFile; fileRef = E3B10D1116B86C4600FA6EF4 /* Icon-Small.png */; };
		E3B10D1816B86C4600FA6EF4 /* Icon-Small@2x.png in Resources */ = {isa = PBXBuildFile; fileRef = E3B10D1216B86C4600FA6EF4 /* Icon-Small@2x.png */; };
		E3B10D1A16B8739A00FA6EF4 /* Default-Landscape@2x~ipad.png in Resources */ = {isa = PBXBuildFile; fileRef = E3B10D1916B8739A00FA6EF4 /* Default-Landscape@2x~ipad.png */; };
		E3B10D1C16B8739F00FA6EF4 /* Default-Portrait@2x~ipad.png in Resources */ = {isa = PBXBuildFile; fileRef = E3B10D1B16B8739F00FA6EF4 /* Default-Portrait@2x~ipad.png */; };
		E3B10D1E16B874D100FA6EF4 /* Default-Portrait~ipad.png in Resources */ = {isa = PBXBuildFile; fileRef = E3B10D1D16B874D000FA6EF4 /* Default-Portrait~ipad.png */; };
		E3B10D2016B8750500FA6EF4 /* Default-Landscape~ipad.png in Resources */ = {isa = PBXBuildFile; fileRef = E3B10D1F16B8750500FA6EF4 /* Default-Landscape~ipad.png */; };
		E3B10D2216B8776800FA6EF4 /* Default.png in Resources */ = {isa = PBXBuildFile; fileRef = E3B10D2116B8776800FA6EF4 /* Default.png */; };
		E3C531CB17F4CE1800F2BBE8 /* Parse.framework in Frameworks */ = {isa = PBXBuildFile; fileRef = E3C531CA17F4CE1800F2BBE8 /* Parse.framework */; };
/* End PBXBuildFile section */

/* Begin PBXFileReference section */
		E31222CF16A4EB7B00B3BE95 /* MBProgressHUD.h */ = {isa = PBXFileReference; fileEncoding = 4; lastKnownFileType = sourcecode.c.h; path = MBProgressHUD.h; sourceTree = "<group>"; };
		E31222D016A4EB7B00B3BE95 /* MBProgressHUD.m */ = {isa = PBXFileReference; fileEncoding = 4; lastKnownFileType = sourcecode.c.objc; path = MBProgressHUD.m; sourceTree = "<group>"; };
		E31222D216A6099300B3BE95 /* MTUnsyncedTripValueTransformer.h */ = {isa = PBXFileReference; fileEncoding = 4; lastKnownFileType = sourcecode.c.h; path = MTUnsyncedTripValueTransformer.h; sourceTree = "<group>"; };
		E31222D316A6099300B3BE95 /* MTUnsyncedTripValueTransformer.m */ = {isa = PBXFileReference; fileEncoding = 4; lastKnownFileType = sourcecode.c.objc; path = MTUnsyncedTripValueTransformer.m; sourceTree = "<group>"; };
		E31BACD71822D3C500893F75 /* skip_button_on.png */ = {isa = PBXFileReference; lastKnownFileType = image.png; path = skip_button_on.png; sourceTree = "<group>"; };
		E31BACD81822D3C500893F75 /* skip_button_on@2x.png */ = {isa = PBXFileReference; lastKnownFileType = image.png; path = "skip_button_on@2x.png"; sourceTree = "<group>"; };
		E31BACDB1822D42900893F75 /* skip_button@2x.png */ = {isa = PBXFileReference; lastKnownFileType = image.png; path = "skip_button@2x.png"; sourceTree = "<group>"; };
		E31BACDC1822D42900893F75 /* skip_button.png */ = {isa = PBXFileReference; lastKnownFileType = image.png; path = skip_button.png; sourceTree = "<group>"; };
		E326B71F168B6FBC0041B755 /* CoreData.framework */ = {isa = PBXFileReference; lastKnownFileType = wrapper.framework; name = CoreData.framework; path = System/Library/Frameworks/CoreData.framework; sourceTree = SDKROOT; };
		E326B730168C99300041B755 /* MTLogTableViewCell.h */ = {isa = PBXFileReference; fileEncoding = 4; lastKnownFileType = sourcecode.c.h; path = MTLogTableViewCell.h; sourceTree = "<group>"; };
		E326B731168C99300041B755 /* MTLogTableViewCell.m */ = {isa = PBXFileReference; fileEncoding = 4; lastKnownFileType = sourcecode.c.objc; path = MTLogTableViewCell.m; sourceTree = "<group>"; };
		E326B737168CF00C0041B755 /* ActionSheetPicker.h */ = {isa = PBXFileReference; fileEncoding = 4; lastKnownFileType = sourcecode.c.h; path = ActionSheetPicker.h; sourceTree = "<group>"; };
		E326B739168CF00C0041B755 /* AbstractActionSheetPicker.h */ = {isa = PBXFileReference; fileEncoding = 4; lastKnownFileType = sourcecode.c.h; path = AbstractActionSheetPicker.h; sourceTree = "<group>"; };
		E326B73A168CF00C0041B755 /* AbstractActionSheetPicker.m */ = {isa = PBXFileReference; fileEncoding = 4; lastKnownFileType = sourcecode.c.objc; path = AbstractActionSheetPicker.m; sourceTree = "<group>"; };
		E326B73B168CF00C0041B755 /* ActionSheetDatePicker.h */ = {isa = PBXFileReference; fileEncoding = 4; lastKnownFileType = sourcecode.c.h; path = ActionSheetDatePicker.h; sourceTree = "<group>"; };
		E326B73C168CF00C0041B755 /* ActionSheetDatePicker.m */ = {isa = PBXFileReference; fileEncoding = 4; lastKnownFileType = sourcecode.c.objc; path = ActionSheetDatePicker.m; sourceTree = "<group>"; };
		E32846821743EC02000A66A7 /* MTTotalMileage.h */ = {isa = PBXFileReference; fileEncoding = 4; lastKnownFileType = sourcecode.c.h; path = MTTotalMileage.h; sourceTree = "<group>"; };
		E32846831743EC03000A66A7 /* MTTotalMileage.m */ = {isa = PBXFileReference; fileEncoding = 4; lastKnownFileType = sourcecode.c.objc; path = MTTotalMileage.m; sourceTree = "<group>"; };
		E328913D18D21C3E00417232 /* UbertestersSDK.framework */ = {isa = PBXFileReference; lastKnownFileType = wrapper.framework; path = UbertestersSDK.framework; sourceTree = "<group>"; };
		E328913E18D21C3E00417232 /* UbertestersSDKResources.bundle */ = {isa = PBXFileReference; lastKnownFileType = "wrapper.plug-in"; path = UbertestersSDKResources.bundle; sourceTree = "<group>"; };
		E328914118D21C6800417232 /* CoreImage.framework */ = {isa = PBXFileReference; lastKnownFileType = wrapper.framework; name = CoreImage.framework; path = System/Library/Frameworks/CoreImage.framework; sourceTree = SDKROOT; };
		E328914318D21C7D00417232 /* CoreTelephony.framework */ = {isa = PBXFileReference; lastKnownFileType = wrapper.framework; name = CoreTelephony.framework; path = System/Library/Frameworks/CoreTelephony.framework; sourceTree = SDKROOT; };
		E328914518D21C9600417232 /* OpenGLES.framework */ = {isa = PBXFileReference; lastKnownFileType = wrapper.framework; name = OpenGLES.framework; path = System/Library/Frameworks/OpenGLES.framework; sourceTree = SDKROOT; };
		E328914718D2227100417232 /* CoreMotion.framework */ = {isa = PBXFileReference; lastKnownFileType = wrapper.framework; name = CoreMotion.framework; path = System/Library/Frameworks/CoreMotion.framework; sourceTree = SDKROOT; };
		E328914918D7A14B00417232 /* MTDateRangeViewController.h */ = {isa = PBXFileReference; fileEncoding = 4; lastKnownFileType = sourcecode.c.h; path = MTDateRangeViewController.h; sourceTree = "<group>"; };
		E328914A18D7A14B00417232 /* MTDateRangeViewController.m */ = {isa = PBXFileReference; fileEncoding = 4; lastKnownFileType = sourcecode.c.objc; path = MTDateRangeViewController.m; sourceTree = "<group>"; };
		E336B9A8167B6E76009A03EF /* MileTracker.app */ = {isa = PBXFileReference; explicitFileType = wrapper.application; includeInIndex = 0; path = MileTracker.app; sourceTree = BUILT_PRODUCTS_DIR; };
		E336B9AC167B6E76009A03EF /* UIKit.framework */ = {isa = PBXFileReference; lastKnownFileType = wrapper.framework; name = UIKit.framework; path = System/Library/Frameworks/UIKit.framework; sourceTree = SDKROOT; };
		E336B9AE167B6E76009A03EF /* Foundation.framework */ = {isa = PBXFileReference; lastKnownFileType = wrapper.framework; name = Foundation.framework; path = System/Library/Frameworks/Foundation.framework; sourceTree = SDKROOT; };
		E336B9B0167B6E76009A03EF /* CoreGraphics.framework */ = {isa = PBXFileReference; lastKnownFileType = wrapper.framework; name = CoreGraphics.framework; path = System/Library/Frameworks/CoreGraphics.framework; sourceTree = SDKROOT; };
		E336B9B4167B6E76009A03EF /* MileTracker-Info.plist */ = {isa = PBXFileReference; lastKnownFileType = text.plist.xml; path = "MileTracker-Info.plist"; sourceTree = "<group>"; };
		E336B9B6167B6E76009A03EF /* en */ = {isa = PBXFileReference; lastKnownFileType = text.plist.strings; name = en; path = en.lproj/InfoPlist.strings; sourceTree = "<group>"; };
		E336B9B8167B6E76009A03EF /* main.m */ = {isa = PBXFileReference; lastKnownFileType = sourcecode.c.objc; path = main.m; sourceTree = "<group>"; };
		E336B9BA167B6E76009A03EF /* MileTracker-Prefix.pch */ = {isa = PBXFileReference; lastKnownFileType = sourcecode.c.h; path = "MileTracker-Prefix.pch"; sourceTree = "<group>"; };
		E336B9BB167B6E76009A03EF /* MTAppDelegate.h */ = {isa = PBXFileReference; lastKnownFileType = sourcecode.c.h; path = MTAppDelegate.h; sourceTree = "<group>"; };
		E336B9BC167B6E76009A03EF /* MTAppDelegate.m */ = {isa = PBXFileReference; lastKnownFileType = sourcecode.c.objc; path = MTAppDelegate.m; sourceTree = "<group>"; };
		E336B9C5167B6E76009A03EF /* en */ = {isa = PBXFileReference; lastKnownFileType = file.storyboard; name = en; path = en.lproj/MainStoryboard_iPhone.storyboard; sourceTree = "<group>"; };
		E336B9C8167B6E76009A03EF /* en */ = {isa = PBXFileReference; lastKnownFileType = file.storyboard; name = en; path = en.lproj/MainStoryboard_iPad.storyboard; sourceTree = "<group>"; };
		E336B9CA167B6E76009A03EF /* MTTripViewController.h */ = {isa = PBXFileReference; lastKnownFileType = sourcecode.c.h; path = MTTripViewController.h; sourceTree = "<group>"; };
		E336B9CB167B6E76009A03EF /* MTTripViewController.m */ = {isa = PBXFileReference; lastKnownFileType = sourcecode.c.objc; path = MTTripViewController.m; sourceTree = "<group>"; };
		E336B9D1167B6E76009A03EF /* MTLogViewController.h */ = {isa = PBXFileReference; lastKnownFileType = sourcecode.c.h; path = MTLogViewController.h; sourceTree = "<group>"; };
		E336B9D2167B6E76009A03EF /* MTLogViewController.m */ = {isa = PBXFileReference; lastKnownFileType = sourcecode.c.objc; path = MTLogViewController.m; sourceTree = "<group>"; };
		E34E458516A0C10100C51E67 /* UnsyncedTrip.h */ = {isa = PBXFileReference; fileEncoding = 4; lastKnownFileType = sourcecode.c.h; path = UnsyncedTrip.h; sourceTree = "<group>"; };
		E34E458616A0C10100C51E67 /* UnsyncedTrip.m */ = {isa = PBXFileReference; fileEncoding = 4; lastKnownFileType = sourcecode.c.objc; path = UnsyncedTrip.m; sourceTree = "<group>"; };
		E34E458816A0C79F00C51E67 /* MTCoreDataController.m */ = {isa = PBXFileReference; fileEncoding = 4; lastKnownFileType = sourcecode.c.objc; path = MTCoreDataController.m; sourceTree = "<group>"; };
		E34E458916A0C79F00C51E67 /* MTCoreDataController.h */ = {isa = PBXFileReference; fileEncoding = 4; lastKnownFileType = sourcecode.c.h; path = MTCoreDataController.h; sourceTree = "<group>"; };
		E34E459116A21F9000C51E67 /* Reachability.h */ = {isa = PBXFileReference; lastKnownFileType = sourcecode.c.h; path = Reachability.h; sourceTree = "<group>"; };
		E34E459216A21F9000C51E67 /* Reachability.m */ = {isa = PBXFileReference; lastKnownFileType = sourcecode.c.objc; path = Reachability.m; sourceTree = "<group>"; };
		E34E459316A225E000C51E67 /* CoreFoundation.framework */ = {isa = PBXFileReference; lastKnownFileType = wrapper.framework; name = CoreFoundation.framework; path = System/Library/Frameworks/CoreFoundation.framework; sourceTree = SDKROOT; };
		E34E459F16A22DDA00C51E67 /* UnsyncedTrip.xcdatamodel */ = {isa = PBXFileReference; lastKnownFileType = wrapper.xcdatamodel; path = UnsyncedTrip.xcdatamodel; sourceTree = "<group>"; };
		E35E1249168CF31B0085EBA2 /* NSDate+TCUtils.h */ = {isa = PBXFileReference; fileEncoding = 4; lastKnownFileType = sourcecode.c.h; path = "NSDate+TCUtils.h"; sourceTree = "<group>"; };
		E35E124A168CF31B0085EBA2 /* NSDate+TCUtils.m */ = {isa = PBXFileReference; fileEncoding = 4; lastKnownFileType = sourcecode.c.objc; path = "NSDate+TCUtils.m"; sourceTree = "<group>"; };
		E35E125A16921B290085EBA2 /* Social.framework */ = {isa = PBXFileReference; lastKnownFileType = wrapper.framework; name = Social.framework; path = System/Library/Frameworks/Social.framework; sourceTree = SDKROOT; };
		E35E125C16921B810085EBA2 /* libz.dylib */ = {isa = PBXFileReference; lastKnownFileType = "compiled.mach-o.dylib"; name = libz.dylib; path = usr/lib/libz.dylib; sourceTree = SDKROOT; };
		E35E125E16921BA60085EBA2 /* CFNetwork.framework */ = {isa = PBXFileReference; lastKnownFileType = wrapper.framework; name = CFNetwork.framework; path = System/Library/Frameworks/CFNetwork.framework; sourceTree = SDKROOT; };
		E35E126016921BD40085EBA2 /* Accounts.framework */ = {isa = PBXFileReference; lastKnownFileType = wrapper.framework; name = Accounts.framework; path = System/Library/Frameworks/Accounts.framework; sourceTree = SDKROOT; };
		E35E126216921C010085EBA2 /* AudioToolbox.framework */ = {isa = PBXFileReference; lastKnownFileType = wrapper.framework; name = AudioToolbox.framework; path = System/Library/Frameworks/AudioToolbox.framework; sourceTree = SDKROOT; };
		E35E126416921C2F0085EBA2 /* AdSupport.framework */ = {isa = PBXFileReference; lastKnownFileType = wrapper.framework; name = AdSupport.framework; path = System/Library/Frameworks/AdSupport.framework; sourceTree = SDKROOT; };
		E35E126616921C580085EBA2 /* CoreLocation.framework */ = {isa = PBXFileReference; lastKnownFileType = wrapper.framework; name = CoreLocation.framework; path = System/Library/Frameworks/CoreLocation.framework; sourceTree = SDKROOT; };
		E35E126816921C7D0085EBA2 /* SystemConfiguration.framework */ = {isa = PBXFileReference; lastKnownFileType = wrapper.framework; name = SystemConfiguration.framework; path = System/Library/Frameworks/SystemConfiguration.framework; sourceTree = SDKROOT; };
		E35E126A16921C9D0085EBA2 /* Security.framework */ = {isa = PBXFileReference; lastKnownFileType = wrapper.framework; name = Security.framework; path = System/Library/Frameworks/Security.framework; sourceTree = SDKROOT; };
		E35E126C16921CBC0085EBA2 /* MobileCoreServices.framework */ = {isa = PBXFileReference; lastKnownFileType = wrapper.framework; name = MobileCoreServices.framework; path = System/Library/Frameworks/MobileCoreServices.framework; sourceTree = SDKROOT; };
		E35E126E16921CE00085EBA2 /* libsqlite3.dylib */ = {isa = PBXFileReference; lastKnownFileType = "compiled.mach-o.dylib"; name = libsqlite3.dylib; path = usr/lib/libsqlite3.dylib; sourceTree = SDKROOT; };
		E35E12741694C50B0085EBA2 /* QuartzCore.framework */ = {isa = PBXFileReference; lastKnownFileType = wrapper.framework; name = QuartzCore.framework; path = System/Library/Frameworks/QuartzCore.framework; sourceTree = SDKROOT; };
		E35E127A169544EB0085EBA2 /* MTReportsViewController.h */ = {isa = PBXFileReference; fileEncoding = 4; lastKnownFileType = sourcecode.c.h; path = MTReportsViewController.h; sourceTree = "<group>"; };
		E35E127B169544EB0085EBA2 /* MTReportsViewController.m */ = {isa = PBXFileReference; fileEncoding = 4; lastKnownFileType = sourcecode.c.objc; path = MTReportsViewController.m; sourceTree = "<group>"; };
		E35E128816974B5C0085EBA2 /* MessageUI.framework */ = {isa = PBXFileReference; lastKnownFileType = wrapper.framework; name = MessageUI.framework; path = System/Library/Frameworks/MessageUI.framework; sourceTree = SDKROOT; };
		E35E128A169768BB0085EBA2 /* MTMoreViewController.h */ = {isa = PBXFileReference; fileEncoding = 4; lastKnownFileType = sourcecode.c.h; path = MTMoreViewController.h; sourceTree = "<group>"; };
		E35E128B169768BB0085EBA2 /* MTMoreViewController.m */ = {isa = PBXFileReference; fileEncoding = 4; lastKnownFileType = sourcecode.c.objc; path = MTMoreViewController.m; sourceTree = "<group>"; };
		E35E128D16977F380085EBA2 /* MTLoginViewController.h */ = {isa = PBXFileReference; fileEncoding = 4; lastKnownFileType = sourcecode.c.h; path = MTLoginViewController.h; sourceTree = "<group>"; };
		E35E128E16977F380085EBA2 /* MTLoginViewController.m */ = {isa = PBXFileReference; fileEncoding = 4; lastKnownFileType = sourcecode.c.objc; path = MTLoginViewController.m; sourceTree = "<group>"; };
		E35E129016977F5C0085EBA2 /* MTSignUpViewController.h */ = {isa = PBXFileReference; fileEncoding = 4; lastKnownFileType = sourcecode.c.h; path = MTSignUpViewController.h; sourceTree = "<group>"; };
		E35E129116977F5C0085EBA2 /* MTSignUpViewController.m */ = {isa = PBXFileReference; fileEncoding = 4; lastKnownFileType = sourcecode.c.objc; path = MTSignUpViewController.m; sourceTree = "<group>"; };
		E35E129316978BFF0085EBA2 /* add-item.png */ = {isa = PBXFileReference; lastKnownFileType = image.png; path = "add-item.png"; sourceTree = "<group>"; };
		E35E129416978BFF0085EBA2 /* next-item.png */ = {isa = PBXFileReference; lastKnownFileType = image.png; path = "next-item.png"; sourceTree = "<group>"; };
		E35E129716978CAB0085EBA2 /* addressbook.png */ = {isa = PBXFileReference; lastKnownFileType = image.png; path = addressbook.png; sourceTree = "<group>"; };
		E35E1299169E0A990085EBA2 /* MTFormatting.h */ = {isa = PBXFileReference; fileEncoding = 4; lastKnownFileType = sourcecode.c.h; path = MTFormatting.h; sourceTree = "<group>"; };
		E35E129A169E0A9A0085EBA2 /* MTFormatting.m */ = {isa = PBXFileReference; fileEncoding = 4; lastKnownFileType = sourcecode.c.objc; path = MTFormatting.m; sourceTree = "<group>"; };
		E3713E001823049900F4DA29 /* icon_152.png */ = {isa = PBXFileReference; lastKnownFileType = image.png; path = icon_152.png; sourceTree = "<group>"; };
		E3713E011823049900F4DA29 /* icon_76.png */ = {isa = PBXFileReference; lastKnownFileType = image.png; path = icon_76.png; sourceTree = "<group>"; };
		E3713E021823049900F4DA29 /* icon_120.png */ = {isa = PBXFileReference; lastKnownFileType = image.png; path = icon_120.png; sourceTree = "<group>"; };
		E3713E031823049900F4DA29 /* icon_144.png */ = {isa = PBXFileReference; lastKnownFileType = image.png; path = icon_144.png; sourceTree = "<group>"; };
		E3713E081823052400F4DA29 /* icon_29.png */ = {isa = PBXFileReference; lastKnownFileType = image.png; path = icon_29.png; sourceTree = "<group>"; };
		E3713E091823052400F4DA29 /* icon_58.png */ = {isa = PBXFileReference; lastKnownFileType = image.png; path = icon_58.png; sourceTree = "<group>"; };
		E3713E0A1823052400F4DA29 /* icon_100.png */ = {isa = PBXFileReference; lastKnownFileType = image.png; path = icon_100.png; sourceTree = "<group>"; };
		E3713E0B1823052400F4DA29 /* icon_80.png */ = {isa = PBXFileReference; lastKnownFileType = image.png; path = icon_80.png; sourceTree = "<group>"; };
		E3713E101823056800F4DA29 /* icon_40.png */ = {isa = PBXFileReference; lastKnownFileType = image.png; path = icon_40.png; sourceTree = "<group>"; };
		E37732CB16B8852500FA71E5 /* login_bg.png */ = {isa = PBXFileReference; lastKnownFileType = image.png; path = login_bg.png; sourceTree = "<group>"; };
		E37732CF16B88BAC00FA71E5 /* logo.png */ = {isa = PBXFileReference; lastKnownFileType = image.png; path = logo.png; sourceTree = "<group>"; };
		E37732D016B88BAC00FA71E5 /* logo@2x.png */ = {isa = PBXFileReference; lastKnownFileType = image.png; path = "logo@2x.png"; sourceTree = "<group>"; };
		E37732D316B891AF00FA71E5 /* sign_up_bg.png */ = {isa = PBXFileReference; lastKnownFileType = image.png; path = sign_up_bg.png; sourceTree = "<group>"; };
		E37732D516B8978900FA71E5 /* MTViewUtils.h */ = {isa = PBXFileReference; fileEncoding = 4; lastKnownFileType = sourcecode.c.h; path = MTViewUtils.h; sourceTree = "<group>"; };
		E37732D616B8978900FA71E5 /* MTViewUtils.m */ = {isa = PBXFileReference; fileEncoding = 4; lastKnownFileType = sourcecode.c.objc; path = MTViewUtils.m; sourceTree = "<group>"; };
		E3A2B77316B9A2EA0047FC4B /* iAd.framework */ = {isa = PBXFileReference; lastKnownFileType = wrapper.framework; name = iAd.framework; path = System/Library/Frameworks/iAd.framework; sourceTree = SDKROOT; };
		E3A2B78916BA0D460047FC4B /* MTTabBarController.h */ = {isa = PBXFileReference; fileEncoding = 4; lastKnownFileType = sourcecode.c.h; path = MTTabBarController.h; sourceTree = "<group>"; };
		E3A2B78A16BA0D460047FC4B /* MTTabBarController.m */ = {isa = PBXFileReference; fileEncoding = 4; lastKnownFileType = sourcecode.c.objc; path = MTTabBarController.m; sourceTree = "<group>"; };
		E3B10CED16B1E24900FA6EF4 /* PFObject+Trip.h */ = {isa = PBXFileReference; fileEncoding = 4; lastKnownFileType = sourcecode.c.h; path = "PFObject+Trip.h"; sourceTree = "<group>"; };
		E3B10CEE16B1E24900FA6EF4 /* PFObject+Trip.m */ = {isa = PBXFileReference; fileEncoding = 4; lastKnownFileType = sourcecode.c.objc; path = "PFObject+Trip.m"; sourceTree = "<group>"; };
		E3B10CF016B71F6700FA6EF4 /* Constants.h */ = {isa = PBXFileReference; fileEncoding = 4; lastKnownFileType = sourcecode.c.h; path = Constants.h; sourceTree = "<group>"; };
		E3B10CFD16B76B4C00FA6EF4 /* background.png */ = {isa = PBXFileReference; lastKnownFileType = image.png; path = background.png; sourceTree = "<group>"; };
		E3B10CFE16B76B4C00FA6EF4 /* background@2X.png */ = {isa = PBXFileReference; lastKnownFileType = image.png; path = "background@2X.png"; sourceTree = "<group>"; };
		E3B10D0916B86BFD00FA6EF4 /* Icon.png */ = {isa = PBXFileReference; lastKnownFileType = image.png; name = Icon.png; path = ../Icon.png; sourceTree = "<group>"; };
		E3B10D0B16B86C1000FA6EF4 /* Icon@2x.png */ = {isa = PBXFileReference; lastKnownFileType = image.png; name = "Icon@2x.png"; path = "../Icon@2x.png"; sourceTree = "<group>"; };
		E3B10D0D16B86C4600FA6EF4 /* Icon-72.png */ = {isa = PBXFileReference; lastKnownFileType = image.png; path = "Icon-72.png"; sourceTree = "<group>"; };
		E3B10D0E16B86C4600FA6EF4 /* Icon-72@2x.png */ = {isa = PBXFileReference; lastKnownFileType = image.png; path = "Icon-72@2x.png"; sourceTree = "<group>"; };
		E3B10D0F16B86C4600FA6EF4 /* Icon-Small-50.png */ = {isa = PBXFileReference; lastKnownFileType = image.png; path = "Icon-Small-50.png"; sourceTree = "<group>"; };
		E3B10D1016B86C4600FA6EF4 /* Icon-Small-50@2x.png */ = {isa = PBXFileReference; lastKnownFileType = image.png; path = "Icon-Small-50@2x.png"; sourceTree = "<group>"; };
		E3B10D1116B86C4600FA6EF4 /* Icon-Small.png */ = {isa = PBXFileReference; lastKnownFileType = image.png; path = "Icon-Small.png"; sourceTree = "<group>"; };
		E3B10D1216B86C4600FA6EF4 /* Icon-Small@2x.png */ = {isa = PBXFileReference; lastKnownFileType = image.png; path = "Icon-Small@2x.png"; sourceTree = "<group>"; };
		E3B10D1916B8739A00FA6EF4 /* Default-Landscape@2x~ipad.png */ = {isa = PBXFileReference; lastKnownFileType = image.png; name = "Default-Landscape@2x~ipad.png"; path = "../Default-Landscape@2x~ipad.png"; sourceTree = "<group>"; };
		E3B10D1B16B8739F00FA6EF4 /* Default-Portrait@2x~ipad.png */ = {isa = PBXFileReference; lastKnownFileType = image.png; name = "Default-Portrait@2x~ipad.png"; path = "../Default-Portrait@2x~ipad.png"; sourceTree = "<group>"; };
		E3B10D1D16B874D000FA6EF4 /* Default-Portrait~ipad.png */ = {isa = PBXFileReference; lastKnownFileType = image.png; name = "Default-Portrait~ipad.png"; path = "../Default-Portrait~ipad.png"; sourceTree = "<group>"; };
		E3B10D1F16B8750500FA6EF4 /* Default-Landscape~ipad.png */ = {isa = PBXFileReference; lastKnownFileType = image.png; name = "Default-Landscape~ipad.png"; path = "../Default-Landscape~ipad.png"; sourceTree = "<group>"; };
		E3B10D2116B8776800FA6EF4 /* Default.png */ = {isa = PBXFileReference; lastKnownFileType = image.png; name = Default.png; path = ../Default.png; sourceTree = "<group>"; };
		E3B10D2316B8776F00FA6EF4 /* Default-568h@2x.png */ = {isa = PBXFileReference; lastKnownFileType = image.png; name = "Default-568h@2x.png"; path = "../Default-568h@2x.png"; sourceTree = "<group>"; };
		E3B10D2516B8777D00FA6EF4 /* Default@2x.png */ = {isa = PBXFileReference; lastKnownFileType = image.png; name = "Default@2x.png"; path = "../Default@2x.png"; sourceTree = "<group>"; };
		E3C531CA17F4CE1800F2BBE8 /* Parse.framework */ = {isa = PBXFileReference; lastKnownFileType = wrapper.framework; path = Parse.framework; sourceTree = "<group>"; };
/* End PBXFileReference section */

/* Begin PBXFrameworksBuildPhase section */
		E336B9A5167B6E76009A03EF /* Frameworks */ = {
			isa = PBXFrameworksBuildPhase;
			buildActionMask = 2147483647;
			files = (
				E359195B1981B65300A19A40 /* Foundation.framework in Frameworks */,
				E328914818D2227100417232 /* CoreMotion.framework in Frameworks */,
				E328914618D21C9600417232 /* OpenGLES.framework in Frameworks */,
				E35E126716921C590085EBA2 /* CoreLocation.framework in Frameworks */,
				E328914418D21C7D00417232 /* CoreTelephony.framework in Frameworks */,
				E328914218D21C6800417232 /* CoreImage.framework in Frameworks */,
				E3A2B77416B9A2EA0047FC4B /* iAd.framework in Frameworks */,
				E34E459416A225E000C51E67 /* CoreFoundation.framework in Frameworks */,
				E35E126916921C7D0085EBA2 /* SystemConfiguration.framework in Frameworks */,
				E35E128916974B5C0085EBA2 /* MessageUI.framework in Frameworks */,
				E35E12751694C50B0085EBA2 /* QuartzCore.framework in Frameworks */,
				E35E126F16921CE00085EBA2 /* libsqlite3.dylib in Frameworks */,
				E35E126D16921CBC0085EBA2 /* MobileCoreServices.framework in Frameworks */,
				E35E126B16921C9E0085EBA2 /* Security.framework in Frameworks */,
				E35E126516921C2F0085EBA2 /* AdSupport.framework in Frameworks */,
				E35E126316921C010085EBA2 /* AudioToolbox.framework in Frameworks */,
				E35E126116921BD40085EBA2 /* Accounts.framework in Frameworks */,
				E35E125F16921BA60085EBA2 /* CFNetwork.framework in Frameworks */,
				E35E125D16921B820085EBA2 /* libz.dylib in Frameworks */,
				E3C531CB17F4CE1800F2BBE8 /* Parse.framework in Frameworks */,
				E35E125B16921B290085EBA2 /* Social.framework in Frameworks */,
				E326B72D168B71CF0041B755 /* CoreData.framework in Frameworks */,
				E336B9AD167B6E76009A03EF /* UIKit.framework in Frameworks */,
				E336B9B1167B6E76009A03EF /* CoreGraphics.framework in Frameworks */,
				E328913F18D21C3E00417232 /* UbertestersSDK.framework in Frameworks */,
			);
			runOnlyForDeploymentPostprocessing = 0;
		};
/* End PBXFrameworksBuildPhase section */

/* Begin PBXGroup section */
		E326B6F41683F2560041B755 /* Models - Categories */ = {
			isa = PBXGroup;
			children = (
				E34E458516A0C10100C51E67 /* UnsyncedTrip.h */,
				E34E458616A0C10100C51E67 /* UnsyncedTrip.m */,
				E3B10CED16B1E24900FA6EF4 /* PFObject+Trip.h */,
				E3B10CEE16B1E24900FA6EF4 /* PFObject+Trip.m */,
			);
			name = "Models - Categories";
			sourceTree = "<group>";
		};
		E326B738168CF00C0041B755 /* Pickers */ = {
			isa = PBXGroup;
			children = (
				E326B739168CF00C0041B755 /* AbstractActionSheetPicker.h */,
				E326B73A168CF00C0041B755 /* AbstractActionSheetPicker.m */,
				E326B73B168CF00C0041B755 /* ActionSheetDatePicker.h */,
				E326B73C168CF00C0041B755 /* ActionSheetDatePicker.m */,
			);
			path = Pickers;
			sourceTree = "<group>";
		};
		E326B749168CF0280041B755 /* ActionPicker */ = {
			isa = PBXGroup;
			children = (
				E326B737168CF00C0041B755 /* ActionSheetPicker.h */,
				E35E124D168CF3210085EBA2 /* Utilities */,
				E326B738168CF00C0041B755 /* Pickers */,
			);
			name = ActionPicker;
			sourceTree = "<group>";
		};
		E328913C18D21C3E00417232 /* UbertestersSDK */ = {
			isa = PBXGroup;
			children = (
				E328913D18D21C3E00417232 /* UbertestersSDK.framework */,
				E328913E18D21C3E00417232 /* UbertestersSDKResources.bundle */,
			);
			path = UbertestersSDK;
			sourceTree = "<group>";
		};
		E336B99D167B6E76009A03EF = {
			isa = PBXGroup;
			children = (
				E336B9B2167B6E76009A03EF /* MileTracker */,
				E336B9AB167B6E76009A03EF /* Frameworks */,
				E336B9A9167B6E76009A03EF /* Products */,
			);
			sourceTree = "<group>";
		};
		E336B9A9167B6E76009A03EF /* Products */ = {
			isa = PBXGroup;
			children = (
				E336B9A8167B6E76009A03EF /* MileTracker.app */,
			);
			name = Products;
			sourceTree = "<group>";
		};
		E336B9AB167B6E76009A03EF /* Frameworks */ = {
			isa = PBXGroup;
			children = (
				E328914718D2227100417232 /* CoreMotion.framework */,
				E328914518D21C9600417232 /* OpenGLES.framework */,
				E328914318D21C7D00417232 /* CoreTelephony.framework */,
				E328914118D21C6800417232 /* CoreImage.framework */,
				E328913C18D21C3E00417232 /* UbertestersSDK */,
				E3C531CA17F4CE1800F2BBE8 /* Parse.framework */,
				E3A2B77316B9A2EA0047FC4B /* iAd.framework */,
				E34E459316A225E000C51E67 /* CoreFoundation.framework */,
				E35E128816974B5C0085EBA2 /* MessageUI.framework */,
				E35E12741694C50B0085EBA2 /* QuartzCore.framework */,
				E35E126E16921CE00085EBA2 /* libsqlite3.dylib */,
				E35E126C16921CBC0085EBA2 /* MobileCoreServices.framework */,
				E35E126A16921C9D0085EBA2 /* Security.framework */,
				E35E126816921C7D0085EBA2 /* SystemConfiguration.framework */,
				E35E126616921C580085EBA2 /* CoreLocation.framework */,
				E35E126416921C2F0085EBA2 /* AdSupport.framework */,
				E35E126216921C010085EBA2 /* AudioToolbox.framework */,
				E35E126016921BD40085EBA2 /* Accounts.framework */,
				E35E125E16921BA60085EBA2 /* CFNetwork.framework */,
				E35E125C16921B810085EBA2 /* libz.dylib */,
				E35E125A16921B290085EBA2 /* Social.framework */,
				E326B71F168B6FBC0041B755 /* CoreData.framework */,
				E336B9AC167B6E76009A03EF /* UIKit.framework */,
				E336B9AE167B6E76009A03EF /* Foundation.framework */,
				E336B9B0167B6E76009A03EF /* CoreGraphics.framework */,
			);
			name = Frameworks;
			sourceTree = "<group>";
		};
		E336B9B2167B6E76009A03EF /* MileTracker */ = {
			isa = PBXGroup;
			children = (
				E336B9BB167B6E76009A03EF /* MTAppDelegate.h */,
				E336B9BC167B6E76009A03EF /* MTAppDelegate.m */,
				E3A2B78916BA0D460047FC4B /* MTTabBarController.h */,
				E3A2B78A16BA0D460047FC4B /* MTTabBarController.m */,
				E336B9CA167B6E76009A03EF /* MTTripViewController.h */,
				E336B9CB167B6E76009A03EF /* MTTripViewController.m */,
				E336B9D1167B6E76009A03EF /* MTLogViewController.h */,
				E336B9D2167B6E76009A03EF /* MTLogViewController.m */,
				E326B730168C99300041B755 /* MTLogTableViewCell.h */,
				E326B731168C99300041B755 /* MTLogTableViewCell.m */,
				E35E127A169544EB0085EBA2 /* MTReportsViewController.h */,
				E35E127B169544EB0085EBA2 /* MTReportsViewController.m */,
				E328914918D7A14B00417232 /* MTDateRangeViewController.h */,
				E328914A18D7A14B00417232 /* MTDateRangeViewController.m */,
				E35E128A169768BB0085EBA2 /* MTMoreViewController.h */,
				E35E128B169768BB0085EBA2 /* MTMoreViewController.m */,
				E35E128D16977F380085EBA2 /* MTLoginViewController.h */,
				E35E128E16977F380085EBA2 /* MTLoginViewController.m */,
				E35E129016977F5C0085EBA2 /* MTSignUpViewController.h */,
				E35E129116977F5C0085EBA2 /* MTSignUpViewController.m */,
				E336B9C4167B6E76009A03EF /* MainStoryboard_iPhone.storyboard */,
				E336B9C7167B6E76009A03EF /* MainStoryboard_iPad.storyboard */,
				E34E458916A0C79F00C51E67 /* MTCoreDataController.h */,
				E34E458816A0C79F00C51E67 /* MTCoreDataController.m */,
				E34E459E16A22DD900C51E67 /* UnsyncedTrip.xcdatamodeld */,
				E31222D216A6099300B3BE95 /* MTUnsyncedTripValueTransformer.h */,
				E31222D316A6099300B3BE95 /* MTUnsyncedTripValueTransformer.m */,
				E35E129C169E0AAC0085EBA2 /* Utilities */,
				E326B6F41683F2560041B755 /* Models - Categories */,
				E336B9DD167B6EF9009A03EF /* Resources */,
				E336B9B3167B6E76009A03EF /* Supporting Files */,
			);
			path = MileTracker;
			sourceTree = "<group>";
		};
		E336B9B3167B6E76009A03EF /* Supporting Files */ = {
			isa = PBXGroup;
			children = (
				E336B9B4167B6E76009A03EF /* MileTracker-Info.plist */,
				E336B9B5167B6E76009A03EF /* InfoPlist.strings */,
				E336B9B8167B6E76009A03EF /* main.m */,
				E336B9BA167B6E76009A03EF /* MileTracker-Prefix.pch */,
			);
			name = "Supporting Files";
			sourceTree = "<group>";
		};
		E336B9DD167B6EF9009A03EF /* Resources */ = {
			isa = PBXGroup;
			children = (
				E3713E101823056800F4DA29 /* icon_40.png */,
				E3713E081823052400F4DA29 /* icon_29.png */,
				E3713E091823052400F4DA29 /* icon_58.png */,
				E3713E0A1823052400F4DA29 /* icon_100.png */,
				E3713E0B1823052400F4DA29 /* icon_80.png */,
				E3713E001823049900F4DA29 /* icon_152.png */,
				E3713E011823049900F4DA29 /* icon_76.png */,
				E3713E021823049900F4DA29 /* icon_120.png */,
				E3713E031823049900F4DA29 /* icon_144.png */,
				E31BACD71822D3C500893F75 /* skip_button_on.png */,
				E31BACD81822D3C500893F75 /* skip_button_on@2x.png */,
				E31BACDB1822D42900893F75 /* skip_button@2x.png */,
				E31BACDC1822D42900893F75 /* skip_button.png */,
				E37732D316B891AF00FA71E5 /* sign_up_bg.png */,
				E37732CF16B88BAC00FA71E5 /* logo.png */,
				E37732D016B88BAC00FA71E5 /* logo@2x.png */,
				E37732CB16B8852500FA71E5 /* login_bg.png */,
				E35E129716978CAB0085EBA2 /* addressbook.png */,
				E35E129316978BFF0085EBA2 /* add-item.png */,
				E35E129416978BFF0085EBA2 /* next-item.png */,
				E3B10D0D16B86C4600FA6EF4 /* Icon-72.png */,
				E3B10D0E16B86C4600FA6EF4 /* Icon-72@2x.png */,
				E3B10D0F16B86C4600FA6EF4 /* Icon-Small-50.png */,
				E3B10D1016B86C4600FA6EF4 /* Icon-Small-50@2x.png */,
				E3B10D1116B86C4600FA6EF4 /* Icon-Small.png */,
				E3B10D1216B86C4600FA6EF4 /* Icon-Small@2x.png */,
				E3B10CFD16B76B4C00FA6EF4 /* background.png */,
				E3B10CFE16B76B4C00FA6EF4 /* background@2X.png */,
				E3B10D2516B8777D00FA6EF4 /* Default@2x.png */,
				E3B10D2316B8776F00FA6EF4 /* Default-568h@2x.png */,
				E3B10D2116B8776800FA6EF4 /* Default.png */,
				E3B10D1F16B8750500FA6EF4 /* Default-Landscape~ipad.png */,
				E3B10D1D16B874D000FA6EF4 /* Default-Portrait~ipad.png */,
				E3B10D1B16B8739F00FA6EF4 /* Default-Portrait@2x~ipad.png */,
				E3B10D1916B8739A00FA6EF4 /* Default-Landscape@2x~ipad.png */,
				E3B10D0B16B86C1000FA6EF4 /* Icon@2x.png */,
				E3B10D0916B86BFD00FA6EF4 /* Icon.png */,
			);
			name = Resources;
			sourceTree = "<group>";
		};
		E35E124D168CF3210085EBA2 /* Utilities */ = {
			isa = PBXGroup;
			children = (
				E35E1249168CF31B0085EBA2 /* NSDate+TCUtils.h */,
				E35E124A168CF31B0085EBA2 /* NSDate+TCUtils.m */,
			);
			name = Utilities;
			sourceTree = "<group>";
		};
		E35E129C169E0AAC0085EBA2 /* Utilities */ = {
			isa = PBXGroup;
			children = (
				E326B749168CF0280041B755 /* ActionPicker */,
				E31222CF16A4EB7B00B3BE95 /* MBProgressHUD.h */,
				E31222D016A4EB7B00B3BE95 /* MBProgressHUD.m */,
				E35E1299169E0A990085EBA2 /* MTFormatting.h */,
				E35E129A169E0A9A0085EBA2 /* MTFormatting.m */,
				E37732D516B8978900FA71E5 /* MTViewUtils.h */,
				E37732D616B8978900FA71E5 /* MTViewUtils.m */,
				E32846821743EC02000A66A7 /* MTTotalMileage.h */,
				E32846831743EC03000A66A7 /* MTTotalMileage.m */,
				E34E459116A21F9000C51E67 /* Reachability.h */,
				E34E459216A21F9000C51E67 /* Reachability.m */,
				E3B10CF016B71F6700FA6EF4 /* Constants.h */,
			);
			name = Utilities;
			sourceTree = "<group>";
		};
/* End PBXGroup section */

/* Begin PBXNativeTarget section */
		E336B9A7167B6E76009A03EF /* MileTracker */ = {
			isa = PBXNativeTarget;
			buildConfigurationList = E336B9DA167B6E76009A03EF /* Build configuration list for PBXNativeTarget "MileTracker" */;
			buildPhases = (
				E336B9A4167B6E76009A03EF /* Sources */,
				E336B9A5167B6E76009A03EF /* Frameworks */,
				E336B9A6167B6E76009A03EF /* Resources */,
			);
			buildRules = (
			);
			dependencies = (
			);
			name = MileTracker;
			productName = MileTracker;
			productReference = E336B9A8167B6E76009A03EF /* MileTracker.app */;
			productType = "com.apple.product-type.application";
		};
/* End PBXNativeTarget section */

/* Begin PBXProject section */
		E336B99F167B6E76009A03EF /* Project object */ = {
			isa = PBXProject;
			attributes = {
				CLASSPREFIX = MT;
				LastUpgradeCheck = 0450;
				ORGANIZATIONNAME = Focus43;
				TargetAttributes = {
					E336B9A7167B6E76009A03EF = {
						DevelopmentTeam = X7L58PS46V;
					};
				};
			};
			buildConfigurationList = E336B9A2167B6E76009A03EF /* Build configuration list for PBXProject "MileTracker" */;
			compatibilityVersion = "Xcode 3.2";
			developmentRegion = English;
			hasScannedForEncodings = 0;
			knownRegions = (
				en,
			);
			mainGroup = E336B99D167B6E76009A03EF;
			productRefGroup = E336B9A9167B6E76009A03EF /* Products */;
			projectDirPath = "";
			projectRoot = "";
			targets = (
				E336B9A7167B6E76009A03EF /* MileTracker */,
			);
		};
/* End PBXProject section */

/* Begin PBXResourcesBuildPhase section */
		E336B9A6167B6E76009A03EF /* Resources */ = {
			isa = PBXResourcesBuildPhase;
			buildActionMask = 2147483647;
			files = (
				E336B9B7167B6E76009A03EF /* InfoPlist.strings in Resources */,
				E336B9C6167B6E76009A03EF /* MainStoryboard_iPhone.storyboard in Resources */,
				E3713E111823056800F4DA29 /* icon_40.png in Resources */,
				E336B9C9167B6E76009A03EF /* MainStoryboard_iPad.storyboard in Resources */,
				E35E129516978BFF0085EBA2 /* add-item.png in Resources */,
				E35E129616978BFF0085EBA2 /* next-item.png in Resources */,
				E31BACDA1822D3C500893F75 /* skip_button_on@2x.png in Resources */,
				E328914018D21C3E00417232 /* UbertestersSDKResources.bundle in Resources */,
				E35E129816978CAB0085EBA2 /* addressbook.png in Resources */,
				E3713E051823049900F4DA29 /* icon_76.png in Resources */,
				E31BACDD1822D42900893F75 /* skip_button@2x.png in Resources */,
				E3713E0D1823052400F4DA29 /* icon_58.png in Resources */,
				E3B10CFF16B76B4C00FA6EF4 /* background.png in Resources */,
				E3B10D0016B76B4C00FA6EF4 /* background@2X.png in Resources */,
				E31BACD91822D3C500893F75 /* skip_button_on.png in Resources */,
				E3B10D0A16B86BFD00FA6EF4 /* Icon.png in Resources */,
				E3B10D0C16B86C1000FA6EF4 /* Icon@2x.png in Resources */,
				E3B10D1316B86C4600FA6EF4 /* Icon-72.png in Resources */,
				E3713E0E1823052400F4DA29 /* icon_100.png in Resources */,
				E3B10D1416B86C4600FA6EF4 /* Icon-72@2x.png in Resources */,
				E3B10D1516B86C4600FA6EF4 /* Icon-Small-50.png in Resources */,
				E3B10D1616B86C4600FA6EF4 /* Icon-Small-50@2x.png in Resources */,
				E3B10D1716B86C4600FA6EF4 /* Icon-Small.png in Resources */,
				E3B10D1816B86C4600FA6EF4 /* Icon-Small@2x.png in Resources */,
				E3B10D1A16B8739A00FA6EF4 /* Default-Landscape@2x~ipad.png in Resources */,
				E3713E071823049900F4DA29 /* icon_144.png in Resources */,
				E3B10D1C16B8739F00FA6EF4 /* Default-Portrait@2x~ipad.png in Resources */,
				E3713E061823049900F4DA29 /* icon_120.png in Resources */,
				E3B10D1E16B874D100FA6EF4 /* Default-Portrait~ipad.png in Resources */,
				E3713E0C1823052400F4DA29 /* icon_29.png in Resources */,
				E3B10D2016B8750500FA6EF4 /* Default-Landscape~ipad.png in Resources */,
				E3B10D2216B8776800FA6EF4 /* Default.png in Resources */,
				E37732C716B87EA700FA71E5 /* Default-568h@2x.png in Resources */,
				E37732C816B87EAD00FA71E5 /* Default@2x.png in Resources */,
				E37732CC16B8852500FA71E5 /* login_bg.png in Resources */,
				E37732D116B88BAC00FA71E5 /* logo.png in Resources */,
				E31BACDE1822D42900893F75 /* skip_button.png in Resources */,
				E37732D216B88BAC00FA71E5 /* logo@2x.png in Resources */,
				E37732D416B891AF00FA71E5 /* sign_up_bg.png in Resources */,
				E3713E0F1823052400F4DA29 /* icon_80.png in Resources */,
				E3713E041823049900F4DA29 /* icon_152.png in Resources */,
			);
			runOnlyForDeploymentPostprocessing = 0;
		};
/* End PBXResourcesBuildPhase section */

/* Begin PBXSourcesBuildPhase section */
		E336B9A4167B6E76009A03EF /* Sources */ = {
			isa = PBXSourcesBuildPhase;
			buildActionMask = 2147483647;
			files = (
				E34E459D16A2278900C51E67 /* Reachability.m in Sources */,
				E336B9B9167B6E76009A03EF /* main.m in Sources */,
				E336B9BD167B6E76009A03EF /* MTAppDelegate.m in Sources */,
				E336B9CC167B6E76009A03EF /* MTTripViewController.m in Sources */,
				E336B9D3167B6E76009A03EF /* MTLogViewController.m in Sources */,
				E326B732168C99300041B755 /* MTLogTableViewCell.m in Sources */,
				E326B743168CF00C0041B755 /* AbstractActionSheetPicker.m in Sources */,
				E326B744168CF00C0041B755 /* ActionSheetDatePicker.m in Sources */,
				E35E124B168CF31B0085EBA2 /* NSDate+TCUtils.m in Sources */,
				E328914B18D7A14B00417232 /* MTDateRangeViewController.m in Sources */,
				E35E127C169544EB0085EBA2 /* MTReportsViewController.m in Sources */,
				E35E128C169768BB0085EBA2 /* MTMoreViewController.m in Sources */,
				E35E128F16977F390085EBA2 /* MTLoginViewController.m in Sources */,
				E35E129216977F5D0085EBA2 /* MTSignUpViewController.m in Sources */,
				E35E129B169E0A9B0085EBA2 /* MTFormatting.m in Sources */,
				E34E458716A0C10100C51E67 /* UnsyncedTrip.m in Sources */,
				E34E458A16A0C79F00C51E67 /* MTCoreDataController.m in Sources */,
				E34E45A016A22DDA00C51E67 /* UnsyncedTrip.xcdatamodeld in Sources */,
				E31222D116A4EB7B00B3BE95 /* MBProgressHUD.m in Sources */,
				E31222D416A6099300B3BE95 /* MTUnsyncedTripValueTransformer.m in Sources */,
				E3B10CEF16B1E24900FA6EF4 /* PFObject+Trip.m in Sources */,
				E37732D716B8978900FA71E5 /* MTViewUtils.m in Sources */,
				E3A2B78B16BA0D460047FC4B /* MTTabBarController.m in Sources */,
				E32846841743EC03000A66A7 /* MTTotalMileage.m in Sources */,
			);
			runOnlyForDeploymentPostprocessing = 0;
		};
/* End PBXSourcesBuildPhase section */

/* Begin PBXVariantGroup section */
		E336B9B5167B6E76009A03EF /* InfoPlist.strings */ = {
			isa = PBXVariantGroup;
			children = (
				E336B9B6167B6E76009A03EF /* en */,
			);
			name = InfoPlist.strings;
			sourceTree = "<group>";
		};
		E336B9C4167B6E76009A03EF /* MainStoryboard_iPhone.storyboard */ = {
			isa = PBXVariantGroup;
			children = (
				E336B9C5167B6E76009A03EF /* en */,
			);
			name = MainStoryboard_iPhone.storyboard;
			sourceTree = "<group>";
		};
		E336B9C7167B6E76009A03EF /* MainStoryboard_iPad.storyboard */ = {
			isa = PBXVariantGroup;
			children = (
				E336B9C8167B6E76009A03EF /* en */,
			);
			name = MainStoryboard_iPad.storyboard;
			sourceTree = "<group>";
		};
/* End PBXVariantGroup section */

/* Begin XCBuildConfiguration section */
		E336B9D8167B6E76009A03EF /* Debug */ = {
			isa = XCBuildConfiguration;
			buildSettings = {
				ALWAYS_SEARCH_USER_PATHS = NO;
				CLANG_CXX_LANGUAGE_STANDARD = "gnu++0x";
				CLANG_CXX_LIBRARY = "libc++";
				CLANG_ENABLE_OBJC_ARC = YES;
				CLANG_WARN_EMPTY_BODY = YES;
				CLANG_WARN__DUPLICATE_METHOD_MATCH = YES;
				"CODE_SIGN_IDENTITY[sdk=iphoneos*]" = "iPhone Developer";
				COPY_PHASE_STRIP = NO;
				GCC_C_LANGUAGE_STANDARD = gnu99;
				GCC_DYNAMIC_NO_PIC = NO;
				GCC_OPTIMIZATION_LEVEL = 0;
				GCC_PREPROCESSOR_DEFINITIONS = (
					"DEBUG=1",
					"$(inherited)",
				);
				GCC_SYMBOLS_PRIVATE_EXTERN = NO;
				GCC_WARN_ABOUT_RETURN_TYPE = YES;
				GCC_WARN_UNINITIALIZED_AUTOS = YES;
				GCC_WARN_UNUSED_VARIABLE = YES;
				IPHONEOS_DEPLOYMENT_TARGET = 6.0;
				ONLY_ACTIVE_ARCH = YES;
				SDKROOT = iphoneos;
				TARGETED_DEVICE_FAMILY = "1,2";
			};
			name = Debug;
		};
		E336B9D9167B6E76009A03EF /* Release */ = {
			isa = XCBuildConfiguration;
			buildSettings = {
				ALWAYS_SEARCH_USER_PATHS = NO;
				CLANG_CXX_LANGUAGE_STANDARD = "gnu++0x";
				CLANG_CXX_LIBRARY = "libc++";
				CLANG_ENABLE_OBJC_ARC = YES;
				CLANG_WARN_EMPTY_BODY = YES;
				CLANG_WARN__DUPLICATE_METHOD_MATCH = YES;
				"CODE_SIGN_IDENTITY[sdk=iphoneos*]" = "iPhone Developer";
				COPY_PHASE_STRIP = YES;
				GCC_C_LANGUAGE_STANDARD = gnu99;
				GCC_WARN_ABOUT_RETURN_TYPE = YES;
				GCC_WARN_UNINITIALIZED_AUTOS = YES;
				GCC_WARN_UNUSED_VARIABLE = YES;
				IPHONEOS_DEPLOYMENT_TARGET = 6.0;
				OTHER_CFLAGS = "-DNS_BLOCK_ASSERTIONS=1";
				SDKROOT = iphoneos;
				TARGETED_DEVICE_FAMILY = "1,2";
				VALIDATE_PRODUCT = YES;
			};
			name = Release;
		};
		E336B9DB167B6E76009A03EF /* Debug */ = {
			isa = XCBuildConfiguration;
			buildSettings = {
				CODE_SIGN_IDENTITY = "iPhone Developer";
				"CODE_SIGN_IDENTITY[sdk=iphoneos*]" = "iPhone Developer: Stine Richvoldsen (FB5K6BR4SB)";
				FRAMEWORK_SEARCH_PATHS = (
					"$(inherited)",
					"$(SRCROOT)",
					/Users/superrunt/Xcode/MileTracker,
					"$(PROJECT_DIR)/UbertestersSDK",
				);
				GCC_PRECOMPILE_PREFIX_HEADER = YES;
				GCC_PREFIX_HEADER = "MileTracker/MileTracker-Prefix.pch";
				INFOPLIST_FILE = "MileTracker/MileTracker-Info.plist";
				IPHONEOS_DEPLOYMENT_TARGET = 6.0;
				PRODUCT_NAME = "$(TARGET_NAME)";
				PROVISIONING_PROFILE = "3B03E076-B9CE-4875-8D0F-D354C05743E3";
				"PROVISIONING_PROFILE[sdk=iphoneos*]" = "3B03E076-B9CE-4875-8D0F-D354C05743E3";
				TARGETED_DEVICE_FAMILY = "1,2";
				WRAPPER_EXTENSION = app;
			};
			name = Debug;
		};
		E336B9DC167B6E76009A03EF /* Release */ = {
			isa = XCBuildConfiguration;
			buildSettings = {
				CODE_SIGN_IDENTITY = "iPhone Developer";
				"CODE_SIGN_IDENTITY[sdk=iphoneos*]" = "iPhone Distribution: Focus43, LLC (X7L58PS46V)";
				FRAMEWORK_SEARCH_PATHS = (
					"$(inherited)",
					"$(SRCROOT)",
					/Users/superrunt/Xcode/MileTracker,
					"$(PROJECT_DIR)/UbertestersSDK",
				);
				GCC_PRECOMPILE_PREFIX_HEADER = YES;
				GCC_PREFIX_HEADER = "MileTracker/MileTracker-Prefix.pch";
				INFOPLIST_FILE = "MileTracker/MileTracker-Info.plist";
				IPHONEOS_DEPLOYMENT_TARGET = 6.0;
				PRODUCT_NAME = "$(TARGET_NAME)";
				PROVISIONING_PROFILE = "78B4C6B0-75B5-4B09-82DD-55080CF04A49";
				"PROVISIONING_PROFILE[sdk=iphoneos*]" = "78B4C6B0-75B5-4B09-82DD-55080CF04A49";
				TARGETED_DEVICE_FAMILY = "1,2";
				WRAPPER_EXTENSION = app;
			};
			name = Release;
		};
/* End XCBuildConfiguration section */

/* Begin XCConfigurationList section */
		E336B9A2167B6E76009A03EF /* Build configuration list for PBXProject "MileTracker" */ = {
			isa = XCConfigurationList;
			buildConfigurations = (
				E336B9D8167B6E76009A03EF /* Debug */,
				E336B9D9167B6E76009A03EF /* Release */,
			);
			defaultConfigurationIsVisible = 0;
			defaultConfigurationName = Release;
		};
		E336B9DA167B6E76009A03EF /* Build configuration list for PBXNativeTarget "MileTracker" */ = {
			isa = XCConfigurationList;
			buildConfigurations = (
				E336B9DB167B6E76009A03EF /* Debug */,
				E336B9DC167B6E76009A03EF /* Release */,
			);
			defaultConfigurationIsVisible = 0;
			defaultConfigurationName = Release;
		};
/* End XCConfigurationList section */

/* Begin XCVersionGroup section */
		E34E459E16A22DD900C51E67 /* UnsyncedTrip.xcdatamodeld */ = {
			isa = XCVersionGroup;
			children = (
				E34E459F16A22DDA00C51E67 /* UnsyncedTrip.xcdatamodel */,
			);
			currentVersion = E34E459F16A22DDA00C51E67 /* UnsyncedTrip.xcdatamodel */;
			path = UnsyncedTrip.xcdatamodeld;
			sourceTree = "<group>";
			versionGroupType = wrapper.xcdatamodel;
		};
/* End XCVersionGroup section */
	};
	rootObject = E336B99F167B6E76009A03EF /* Project object */;
}
